
Microsoft Visual Studio Solution File, Format Version 12.00
# Visual Studio Version 17
VisualStudioVersion = 17.4.33122.133
MinimumVisualStudioVersion = 10.0.40219.1
Project("{FAE04EC0-301F-11D3-BF4B-00C04F79EFBC}") = "Lab5", "Lab5\Lab5.csproj", "{F5D47DE1-E817-4221-A6ED-3FDE6FC887CF}"
EndProject
Global
	GlobalSection(SolutionConfigurationPlatforms) = preSolution
		Debug|Any CPU = Debug|Any CPU
		Release|Any CPU = Release|Any CPU
	EndGlobalSection
	GlobalSection(ProjectConfigurationPlatforms) = postSolution
		{F5D47DE1-E817-4221-A6ED-3FDE6FC887CF}.Debug|Any CPU.ActiveCfg = Debug|Any CPU
		{F5D47DE1-E817-4221-A6ED-3FDE6FC887CF}.Debug|Any CPU.Build.0 = Debug|Any CPU
		{F5D47DE1-E817-4221-A6ED-3FDE6FC887CF}.Release|Any CPU.ActiveCfg = Release|Any CPU
		{F5D47DE1-E817-4221-A6ED-3FDE6FC887CF}.Release|Any CPU.Build.0 = Release|Any CPU
	EndGlobalSection
	GlobalSection(SolutionProperties) = preSolution
		HideSolutionNode = FALSE
	EndGlobalSection
	GlobalSection(ExtensibilityGlobals) = postSolution
		SolutionGuid = {1E0A678D-66AF-48B1-A802-47E9A0B752B5}
	EndGlobalSection
EndGlobal
